
Microsoft Visual Studio Solution File, Format Version 12.00
# Visual Studio Version 16
VisualStudioVersion = 16.0.29509.3
MinimumVisualStudioVersion = 10.0.40219.1
Project("{9A19103F-16F7-4668-BE54-9A1E7A4F7556}") = "ButtonDemo", "ButtonDemo\ButtonDemo.csproj", "{7A368CE8-1940-4376-9893-71A3E4B0E277}"
EndProject
Global
	GlobalSection(SolutionConfigurationPlatforms) = preSolution
		Debug|Any CPU = Debug|Any CPU
		Release|Any CPU = Release|Any CPU
	EndGlobalSection
	GlobalSection(ProjectConfigurationPlatforms) = postSolution
		{7A368CE8-1940-4376-9893-71A3E4B0E277}.Debug|Any CPU.ActiveCfg = Debug|Any CPU
		{7A368CE8-1940-4376-9893-71A3E4B0E277}.Debug|Any CPU.Build.0 = Debug|Any CPU
		{7A368CE8-1940-4376-9893-71A3E4B0E277}.Release|Any CPU.ActiveCfg = Release|Any CPU
		{7A368CE8-1940-4376-9893-71A3E4B0E277}.Release|Any CPU.Build.0 = Release|Any CPU
	EndGlobalSection
	GlobalSection(SolutionProperties) = preSolution
		HideSolutionNode = FALSE
	EndGlobalSection
	GlobalSection(ExtensibilityGlobals) = postSolution
		SolutionGuid = {AD7039D7-66D4-4AF3-B1F0-D7F2B91BDE0C}
	EndGlobalSection
EndGlobal
